// !$*UTF8*$!
{
	archiveVersion = 1;
	classes = {
	};
	objectVersion = 46;
	objects = {

/* Begin PBXBuildFile section */
		110C703D0141A70769A4C169 /* Pods_MemoryGame.framework in Frameworks */ = {isa = PBXBuildFile; fileRef = BB23CC38874086E35188C5F9 /* Pods_MemoryGame.framework */; };
		5049C521AB9AF7767DEA577D /* Pods_MemoryGameTests.framework in Frameworks */ = {isa = PBXBuildFile; fileRef = BC6ABA7A8C83AE474C04EA9B /* Pods_MemoryGameTests.framework */; };
		60CEB18C288DDBA860EBC0A2 /* Pods_MemoryGameUITests.framework in Frameworks */ = {isa = PBXBuildFile; fileRef = 38FAA1691884B16C0163F54A /* Pods_MemoryGameUITests.framework */; };
		8815273F1EC5B27E00E52B3B /* APIUrls.swift in Sources */ = {isa = PBXBuildFile; fileRef = 8815273E1EC5B27E00E52B3B /* APIUrls.swift */; };
		881527441EC5B45500E52B3B /* DisplayStrings.swift in Sources */ = {isa = PBXBuildFile; fileRef = 881527431EC5B45500E52B3B /* DisplayStrings.swift */; };
		881527471EC5B6A300E52B3B /* Localizable.strings in Resources */ = {isa = PBXBuildFile; fileRef = 881527491EC5B6A300E52B3B /* Localizable.strings */; };
		8815274B1EC5C1BD00E52B3B /* BaseVC.swift in Sources */ = {isa = PBXBuildFile; fileRef = 8815274A1EC5C1BD00E52B3B /* BaseVC.swift */; };
		884E2D021EC410C0003D9D2A /* AppDelegate.swift in Sources */ = {isa = PBXBuildFile; fileRef = 884E2D011EC410C0003D9D2A /* AppDelegate.swift */; };
		884E2D071EC410C0003D9D2A /* Main.storyboard in Resources */ = {isa = PBXBuildFile; fileRef = 884E2D051EC410C0003D9D2A /* Main.storyboard */; };
		884E2D091EC410C0003D9D2A /* Assets.xcassets in Resources */ = {isa = PBXBuildFile; fileRef = 884E2D081EC410C0003D9D2A /* Assets.xcassets */; };
		884E2D0C1EC410C0003D9D2A /* LaunchScreen.storyboard in Resources */ = {isa = PBXBuildFile; fileRef = 884E2D0A1EC410C0003D9D2A /* LaunchScreen.storyboard */; };
		884E2D171EC410C0003D9D2A /* MemoryGameTests.swift in Sources */ = {isa = PBXBuildFile; fileRef = 884E2D161EC410C0003D9D2A /* MemoryGameTests.swift */; };
		884E2D221EC410C1003D9D2A /* MemoryGameUITests.swift in Sources */ = {isa = PBXBuildFile; fileRef = 884E2D211EC410C1003D9D2A /* MemoryGameUITests.swift */; };
		884E2D311EC4115E003D9D2A /* Card.swift in Sources */ = {isa = PBXBuildFile; fileRef = 884E2D301EC4115E003D9D2A /* Card.swift */; };
		884E2D331EC41176003D9D2A /* GameViewModel.swift in Sources */ = {isa = PBXBuildFile; fileRef = 884E2D321EC41176003D9D2A /* GameViewModel.swift */; };
		884E2D361EC411B4003D9D2A /* Array+Shuffle.swift in Sources */ = {isa = PBXBuildFile; fileRef = 884E2D351EC411B4003D9D2A /* Array+Shuffle.swift */; };
		884E2D3B1EC41216003D9D2A /* CardCVC.swift in Sources */ = {isa = PBXBuildFile; fileRef = 884E2D3A1EC41216003D9D2A /* CardCVC.swift */; };
		884E2D3D1EC4123A003D9D2A /* GameVC.swift in Sources */ = {isa = PBXBuildFile; fileRef = 884E2D3C1EC4123A003D9D2A /* GameVC.swift */; };
		884E2D411EC43E09003D9D2A /* NetworkProvider.swift in Sources */ = {isa = PBXBuildFile; fileRef = 884E2D401EC43E09003D9D2A /* NetworkProvider.swift */; };
		884E2D471EC53DC4003D9D2A /* Dynamic.swift in Sources */ = {isa = PBXBuildFile; fileRef = 884E2D461EC53DC3003D9D2A /* Dynamic.swift */; };
		884E2D491EC54766003D9D2A /* ErrorType+Extensions.swift in Sources */ = {isa = PBXBuildFile; fileRef = 884E2D481EC54766003D9D2A /* ErrorType+Extensions.swift */; };
		88522AD51EC6BE7000111713 /* UIStoryboard+Extension.swift in Sources */ = {isa = PBXBuildFile; fileRef = 88522AD41EC6BE7000111713 /* UIStoryboard+Extension.swift */; };
		88AAE42E1EC5DAB40019ABC6 /* AppConstants.swift in Sources */ = {isa = PBXBuildFile; fileRef = 88AAE42D1EC5DAB40019ABC6 /* AppConstants.swift */; };
		88AAE4311EC5EEC20019ABC6 /* Navigation.swift in Sources */ = {isa = PBXBuildFile; fileRef = 88AAE4301EC5EEC20019ABC6 /* Navigation.swift */; };
		88AAE4341EC5EFBC0019ABC6 /* Application.swift in Sources */ = {isa = PBXBuildFile; fileRef = 88AAE4331EC5EFBC0019ABC6 /* Application.swift */; };
		88AAE4391EC5F7370019ABC6 /* Network.swift in Sources */ = {isa = PBXBuildFile; fileRef = 88AAE4381EC5F7370019ABC6 /* Network.swift */; };
		88AAE4401EC5FB700019ABC6 /* API.swift in Sources */ = {isa = PBXBuildFile; fileRef = 88AAE43F1EC5FB700019ABC6 /* API.swift */; };
/* End PBXBuildFile section */

/* Begin PBXContainerItemProxy section */
		884E2D131EC410C0003D9D2A /* PBXContainerItemProxy */ = {
			isa = PBXContainerItemProxy;
			containerPortal = 884E2CF61EC410C0003D9D2A /* Project object */;
			proxyType = 1;
			remoteGlobalIDString = 884E2CFD1EC410C0003D9D2A;
			remoteInfo = MemoryGame;
		};
		884E2D1E1EC410C1003D9D2A /* PBXContainerItemProxy */ = {
			isa = PBXContainerItemProxy;
			containerPortal = 884E2CF61EC410C0003D9D2A /* Project object */;
			proxyType = 1;
			remoteGlobalIDString = 884E2CFD1EC410C0003D9D2A;
			remoteInfo = MemoryGame;
		};
/* End PBXContainerItemProxy section */

/* Begin PBXFileReference section */
		2946F37C90B221AFB2620BF2 /* Pods-MemoryGameTests.debug.xcconfig */ = {isa = PBXFileReference; includeInIndex = 1; lastKnownFileType = text.xcconfig; name = "Pods-MemoryGameTests.debug.xcconfig"; path = "Pods/Target Support Files/Pods-MemoryGameTests/Pods-MemoryGameTests.debug.xcconfig"; sourceTree = "<group>"; };
		38FAA1691884B16C0163F54A /* Pods_MemoryGameUITests.framework */ = {isa = PBXFileReference; explicitFileType = wrapper.framework; includeInIndex = 0; path = Pods_MemoryGameUITests.framework; sourceTree = BUILT_PRODUCTS_DIR; };
		3F21122CFC331418F5A81D74 /* Pods-MemoryGameUITests.release.xcconfig */ = {isa = PBXFileReference; includeInIndex = 1; lastKnownFileType = text.xcconfig; name = "Pods-MemoryGameUITests.release.xcconfig"; path = "Pods/Target Support Files/Pods-MemoryGameUITests/Pods-MemoryGameUITests.release.xcconfig"; sourceTree = "<group>"; };
		5F86D5AF98E67B515004BEAC /* Pods-MemoryGame.release.xcconfig */ = {isa = PBXFileReference; includeInIndex = 1; lastKnownFileType = text.xcconfig; name = "Pods-MemoryGame.release.xcconfig"; path = "Pods/Target Support Files/Pods-MemoryGame/Pods-MemoryGame.release.xcconfig"; sourceTree = "<group>"; };
		609D58C846DB037E6B9BAB73 /* Pods-MemoryGame.debug.xcconfig */ = {isa = PBXFileReference; includeInIndex = 1; lastKnownFileType = text.xcconfig; name = "Pods-MemoryGame.debug.xcconfig"; path = "Pods/Target Support Files/Pods-MemoryGame/Pods-MemoryGame.debug.xcconfig"; sourceTree = "<group>"; };
		8815273E1EC5B27E00E52B3B /* APIUrls.swift */ = {isa = PBXFileReference; fileEncoding = 4; lastKnownFileType = sourcecode.swift; path = APIUrls.swift; sourceTree = "<group>"; };
		881527431EC5B45500E52B3B /* DisplayStrings.swift */ = {isa = PBXFileReference; fileEncoding = 4; lastKnownFileType = sourcecode.swift; path = DisplayStrings.swift; sourceTree = "<group>"; };
		881527481EC5B6A300E52B3B /* Base */ = {isa = PBXFileReference; lastKnownFileType = text.plist.strings; name = Base; path = Base.lproj/Localizable.strings; sourceTree = "<group>"; };
		8815274A1EC5C1BD00E52B3B /* BaseVC.swift */ = {isa = PBXFileReference; fileEncoding = 4; lastKnownFileType = sourcecode.swift; path = BaseVC.swift; sourceTree = "<group>"; };
		884E2CFE1EC410C0003D9D2A /* MemoryGame.app */ = {isa = PBXFileReference; explicitFileType = wrapper.application; includeInIndex = 0; path = MemoryGame.app; sourceTree = BUILT_PRODUCTS_DIR; };
		884E2D011EC410C0003D9D2A /* AppDelegate.swift */ = {isa = PBXFileReference; lastKnownFileType = sourcecode.swift; path = AppDelegate.swift; sourceTree = "<group>"; };
		884E2D061EC410C0003D9D2A /* Base */ = {isa = PBXFileReference; lastKnownFileType = file.storyboard; name = Base; path = Base.lproj/Main.storyboard; sourceTree = "<group>"; };
		884E2D081EC410C0003D9D2A /* Assets.xcassets */ = {isa = PBXFileReference; lastKnownFileType = folder.assetcatalog; path = Assets.xcassets; sourceTree = "<group>"; };
		884E2D0B1EC410C0003D9D2A /* Base */ = {isa = PBXFileReference; lastKnownFileType = file.storyboard; name = Base; path = Base.lproj/LaunchScreen.storyboard; sourceTree = "<group>"; };
		884E2D0D1EC410C0003D9D2A /* Info.plist */ = {isa = PBXFileReference; lastKnownFileType = text.plist.xml; path = Info.plist; sourceTree = "<group>"; };
		884E2D121EC410C0003D9D2A /* MemoryGameTests.xctest */ = {isa = PBXFileReference; explicitFileType = wrapper.cfbundle; includeInIndex = 0; path = MemoryGameTests.xctest; sourceTree = BUILT_PRODUCTS_DIR; };
		884E2D161EC410C0003D9D2A /* MemoryGameTests.swift */ = {isa = PBXFileReference; lastKnownFileType = sourcecode.swift; path = MemoryGameTests.swift; sourceTree = "<group>"; };
		884E2D181EC410C0003D9D2A /* Info.plist */ = {isa = PBXFileReference; lastKnownFileType = text.plist.xml; path = Info.plist; sourceTree = "<group>"; };
		884E2D1D1EC410C1003D9D2A /* MemoryGameUITests.xctest */ = {isa = PBXFileReference; explicitFileType = wrapper.cfbundle; includeInIndex = 0; path = MemoryGameUITests.xctest; sourceTree = BUILT_PRODUCTS_DIR; };
		884E2D211EC410C1003D9D2A /* MemoryGameUITests.swift */ = {isa = PBXFileReference; lastKnownFileType = sourcecode.swift; path = MemoryGameUITests.swift; sourceTree = "<group>"; };
		884E2D231EC410C1003D9D2A /* Info.plist */ = {isa = PBXFileReference; lastKnownFileType = text.plist.xml; path = Info.plist; sourceTree = "<group>"; };
		884E2D301EC4115E003D9D2A /* Card.swift */ = {isa = PBXFileReference; fileEncoding = 4; lastKnownFileType = sourcecode.swift; path = Card.swift; sourceTree = "<group>"; };
		884E2D321EC41176003D9D2A /* GameViewModel.swift */ = {isa = PBXFileReference; fileEncoding = 4; lastKnownFileType = sourcecode.swift; path = GameViewModel.swift; sourceTree = "<group>"; };
		884E2D351EC411B4003D9D2A /* Array+Shuffle.swift */ = {isa = PBXFileReference; fileEncoding = 4; lastKnownFileType = sourcecode.swift; path = "Array+Shuffle.swift"; sourceTree = "<group>"; };
		884E2D3A1EC41216003D9D2A /* CardCVC.swift */ = {isa = PBXFileReference; fileEncoding = 4; lastKnownFileType = sourcecode.swift; path = CardCVC.swift; sourceTree = "<group>"; };
		884E2D3C1EC4123A003D9D2A /* GameVC.swift */ = {isa = PBXFileReference; fileEncoding = 4; lastKnownFileType = sourcecode.swift; path = GameVC.swift; sourceTree = "<group>"; };
		884E2D401EC43E09003D9D2A /* NetworkProvider.swift */ = {isa = PBXFileReference; fileEncoding = 4; lastKnownFileType = sourcecode.swift; path = NetworkProvider.swift; sourceTree = "<group>"; };
		884E2D461EC53DC3003D9D2A /* Dynamic.swift */ = {isa = PBXFileReference; fileEncoding = 4; lastKnownFileType = sourcecode.swift; path = Dynamic.swift; sourceTree = "<group>"; };
		884E2D481EC54766003D9D2A /* ErrorType+Extensions.swift */ = {isa = PBXFileReference; fileEncoding = 4; lastKnownFileType = sourcecode.swift; path = "ErrorType+Extensions.swift"; sourceTree = "<group>"; };
		88522AD41EC6BE7000111713 /* UIStoryboard+Extension.swift */ = {isa = PBXFileReference; fileEncoding = 4; lastKnownFileType = sourcecode.swift; path = "UIStoryboard+Extension.swift"; sourceTree = "<group>"; };
		88AAE42D1EC5DAB40019ABC6 /* AppConstants.swift */ = {isa = PBXFileReference; fileEncoding = 4; lastKnownFileType = sourcecode.swift; path = AppConstants.swift; sourceTree = "<group>"; };
		88AAE4301EC5EEC20019ABC6 /* Navigation.swift */ = {isa = PBXFileReference; fileEncoding = 4; lastKnownFileType = sourcecode.swift; path = Navigation.swift; sourceTree = "<group>"; };
		88AAE4331EC5EFBC0019ABC6 /* Application.swift */ = {isa = PBXFileReference; fileEncoding = 4; lastKnownFileType = sourcecode.swift; path = Application.swift; sourceTree = "<group>"; };
		88AAE4381EC5F7370019ABC6 /* Network.swift */ = {isa = PBXFileReference; fileEncoding = 4; lastKnownFileType = sourcecode.swift; path = Network.swift; sourceTree = "<group>"; };
		88AAE43F1EC5FB700019ABC6 /* API.swift */ = {isa = PBXFileReference; fileEncoding = 4; lastKnownFileType = sourcecode.swift; path = API.swift; sourceTree = "<group>"; };
		BB23CC38874086E35188C5F9 /* Pods_MemoryGame.framework */ = {isa = PBXFileReference; explicitFileType = wrapper.framework; includeInIndex = 0; path = Pods_MemoryGame.framework; sourceTree = BUILT_PRODUCTS_DIR; };
		BC6ABA7A8C83AE474C04EA9B /* Pods_MemoryGameTests.framework */ = {isa = PBXFileReference; explicitFileType = wrapper.framework; includeInIndex = 0; path = Pods_MemoryGameTests.framework; sourceTree = BUILT_PRODUCTS_DIR; };
		C2AF8CF1C963CFDFC1E4438A /* Pods-MemoryGameUITests.debug.xcconfig */ = {isa = PBXFileReference; includeInIndex = 1; lastKnownFileType = text.xcconfig; name = "Pods-MemoryGameUITests.debug.xcconfig"; path = "Pods/Target Support Files/Pods-MemoryGameUITests/Pods-MemoryGameUITests.debug.xcconfig"; sourceTree = "<group>"; };
		FB19F93511E4FCE0E48D936C /* Pods-MemoryGameTests.release.xcconfig */ = {isa = PBXFileReference; includeInIndex = 1; lastKnownFileType = text.xcconfig; name = "Pods-MemoryGameTests.release.xcconfig"; path = "Pods/Target Support Files/Pods-MemoryGameTests/Pods-MemoryGameTests.release.xcconfig"; sourceTree = "<group>"; };
/* End PBXFileReference section */

/* Begin PBXFrameworksBuildPhase section */
		884E2CFB1EC410C0003D9D2A /* Frameworks */ = {
			isa = PBXFrameworksBuildPhase;
			buildActionMask = 2147483647;
			files = (
				110C703D0141A70769A4C169 /* Pods_MemoryGame.framework in Frameworks */,
			);
			runOnlyForDeploymentPostprocessing = 0;
		};
		884E2D0F1EC410C0003D9D2A /* Frameworks */ = {
			isa = PBXFrameworksBuildPhase;
			buildActionMask = 2147483647;
			files = (
				5049C521AB9AF7767DEA577D /* Pods_MemoryGameTests.framework in Frameworks */,
			);
			runOnlyForDeploymentPostprocessing = 0;
		};
		884E2D1A1EC410C1003D9D2A /* Frameworks */ = {
			isa = PBXFrameworksBuildPhase;
			buildActionMask = 2147483647;
			files = (
				60CEB18C288DDBA860EBC0A2 /* Pods_MemoryGameUITests.framework in Frameworks */,
			);
			runOnlyForDeploymentPostprocessing = 0;
		};
/* End PBXFrameworksBuildPhase section */

/* Begin PBXGroup section */
		2367050CA01121483456A091 /* Pods */ = {
			isa = PBXGroup;
			children = (
				609D58C846DB037E6B9BAB73 /* Pods-MemoryGame.debug.xcconfig */,
				5F86D5AF98E67B515004BEAC /* Pods-MemoryGame.release.xcconfig */,
				2946F37C90B221AFB2620BF2 /* Pods-MemoryGameTests.debug.xcconfig */,
				FB19F93511E4FCE0E48D936C /* Pods-MemoryGameTests.release.xcconfig */,
				C2AF8CF1C963CFDFC1E4438A /* Pods-MemoryGameUITests.debug.xcconfig */,
				3F21122CFC331418F5A81D74 /* Pods-MemoryGameUITests.release.xcconfig */,
			);
			name = Pods;
			sourceTree = "<group>";
		};
		881527401EC5B37F00E52B3B /* Localization */ = {
			isa = PBXGroup;
			children = (
				881527431EC5B45500E52B3B /* DisplayStrings.swift */,
				881527491EC5B6A300E52B3B /* Localizable.strings */,
			);
			name = Localization;
			sourceTree = "<group>";
		};
		8815274C1EC5C6F800E52B3B /* UI */ = {
			isa = PBXGroup;
			children = (
				884E2D391EC411F2003D9D2A /* View */,
				882D7C791EC58E1C00CC7AF2 /* ViewModel */,
				884E2D3E1EC4126C003D9D2A /* Controller */,
			);
			name = UI;
			sourceTree = "<group>";
		};
		882D7C791EC58E1C00CC7AF2 /* ViewModel */ = {
			isa = PBXGroup;
			children = (
				884E2D321EC41176003D9D2A /* GameViewModel.swift */,
			);
			name = ViewModel;
			sourceTree = "<group>";
		};
		884E2CF51EC410C0003D9D2A = {
			isa = PBXGroup;
			children = (
				884E2D001EC410C0003D9D2A /* MemoryGame */,
				884E2D151EC410C0003D9D2A /* MemoryGameTests */,
				884E2D201EC410C1003D9D2A /* MemoryGameUITests */,
				884E2CFF1EC410C0003D9D2A /* Products */,
				2367050CA01121483456A091 /* Pods */,
				8C7FC8530D6B96A666A02D49 /* Frameworks */,
			);
			sourceTree = "<group>";
		};
		884E2CFF1EC410C0003D9D2A /* Products */ = {
			isa = PBXGroup;
			children = (
				884E2CFE1EC410C0003D9D2A /* MemoryGame.app */,
				884E2D121EC410C0003D9D2A /* MemoryGameTests.xctest */,
				884E2D1D1EC410C1003D9D2A /* MemoryGameUITests.xctest */,
			);
			name = Products;
			sourceTree = "<group>";
		};
		884E2D001EC410C0003D9D2A /* MemoryGame */ = {
			isa = PBXGroup;
			children = (
				884E2D341EC41198003D9D2A /* Extensions */,
				88AAE42C1EC5DAA40019ABC6 /* Constants */,
				8815274C1EC5C6F800E52B3B /* UI */,
				881527401EC5B37F00E52B3B /* Localization */,
				884E2D3F1EC43DF7003D9D2A /* Services */,
				884E2D2F1EC41152003D9D2A /* Model */,
				884E2D011EC410C0003D9D2A /* AppDelegate.swift */,
				884E2D051EC410C0003D9D2A /* Main.storyboard */,
				884E2D081EC410C0003D9D2A /* Assets.xcassets */,
				884E2D0A1EC410C0003D9D2A /* LaunchScreen.storyboard */,
				884E2D0D1EC410C0003D9D2A /* Info.plist */,
				8815274A1EC5C1BD00E52B3B /* BaseVC.swift */,
			);
			path = MemoryGame;
			sourceTree = "<group>";
		};
		884E2D151EC410C0003D9D2A /* MemoryGameTests */ = {
			isa = PBXGroup;
			children = (
				884E2D161EC410C0003D9D2A /* MemoryGameTests.swift */,
				884E2D181EC410C0003D9D2A /* Info.plist */,
			);
			path = MemoryGameTests;
			sourceTree = "<group>";
		};
		884E2D201EC410C1003D9D2A /* MemoryGameUITests */ = {
			isa = PBXGroup;
			children = (
				884E2D211EC410C1003D9D2A /* MemoryGameUITests.swift */,
				884E2D231EC410C1003D9D2A /* Info.plist */,
			);
			path = MemoryGameUITests;
			sourceTree = "<group>";
		};
		884E2D2F1EC41152003D9D2A /* Model */ = {
			isa = PBXGroup;
			children = (
				884E2D301EC4115E003D9D2A /* Card.swift */,
			);
			name = Model;
			sourceTree = "<group>";
		};
		884E2D341EC41198003D9D2A /* Extensions */ = {
			isa = PBXGroup;
			children = (
				884E2D481EC54766003D9D2A /* ErrorType+Extensions.swift */,
				884E2D461EC53DC3003D9D2A /* Dynamic.swift */,
				884E2D351EC411B4003D9D2A /* Array+Shuffle.swift */,
				88522AD41EC6BE7000111713 /* UIStoryboard+Extension.swift */,
			);
			name = Extensions;
			sourceTree = "<group>";
		};
		884E2D391EC411F2003D9D2A /* View */ = {
			isa = PBXGroup;
			children = (
				884E2D3A1EC41216003D9D2A /* CardCVC.swift */,
			);
			name = View;
			sourceTree = "<group>";
		};
		884E2D3E1EC4126C003D9D2A /* Controller */ = {
			isa = PBXGroup;
			children = (
				884E2D3C1EC4123A003D9D2A /* GameVC.swift */,
			);
			name = Controller;
			sourceTree = "<group>";
		};
		884E2D3F1EC43DF7003D9D2A /* Services */ = {
			isa = PBXGroup;
			children = (
				88AAE43E1EC5FB630019ABC6 /* API */,
				88AAE4371EC5F71A0019ABC6 /* Network */,
				88AAE4321EC5EFAE0019ABC6 /* Applications */,
				88AAE42F1EC5EEAE0019ABC6 /* Navigations */,
			);
			name = Services;
			sourceTree = "<group>";
		};
		88AAE42C1EC5DAA40019ABC6 /* Constants */ = {
			isa = PBXGroup;
			children = (
				88AAE42D1EC5DAB40019ABC6 /* AppConstants.swift */,
			);
			name = Constants;
			sourceTree = "<group>";
		};
		88AAE42F1EC5EEAE0019ABC6 /* Navigations */ = {
			isa = PBXGroup;
			children = (
				88AAE4301EC5EEC20019ABC6 /* Navigation.swift */,
			);
			name = Navigations;
			sourceTree = "<group>";
		};
		88AAE4321EC5EFAE0019ABC6 /* Applications */ = {
			isa = PBXGroup;
			children = (
				88AAE4331EC5EFBC0019ABC6 /* Application.swift */,
			);
			name = Applications;
			sourceTree = "<group>";
		};
		88AAE4371EC5F71A0019ABC6 /* Network */ = {
			isa = PBXGroup;
			children = (
				8815273E1EC5B27E00E52B3B /* APIUrls.swift */,
				884E2D401EC43E09003D9D2A /* NetworkProvider.swift */,
				88AAE4381EC5F7370019ABC6 /* Network.swift */,
			);
			name = Network;
			sourceTree = "<group>";
		};
		88AAE43E1EC5FB630019ABC6 /* API */ = {
			isa = PBXGroup;
			children = (
				88AAE43F1EC5FB700019ABC6 /* API.swift */,
			);
			name = API;
			sourceTree = "<group>";
		};
		8C7FC8530D6B96A666A02D49 /* Frameworks */ = {
			isa = PBXGroup;
			children = (
				BB23CC38874086E35188C5F9 /* Pods_MemoryGame.framework */,
				BC6ABA7A8C83AE474C04EA9B /* Pods_MemoryGameTests.framework */,
				38FAA1691884B16C0163F54A /* Pods_MemoryGameUITests.framework */,
			);
			name = Frameworks;
			sourceTree = "<group>";
		};
/* End PBXGroup section */

/* Begin PBXNativeTarget section */
		884E2CFD1EC410C0003D9D2A /* MemoryGame */ = {
			isa = PBXNativeTarget;
			buildConfigurationList = 884E2D261EC410C1003D9D2A /* Build configuration list for PBXNativeTarget "MemoryGame" */;
			buildPhases = (
				B1254718C0B446AC523593B8 /* [CP] Check Pods Manifest.lock */,
				884E2CFA1EC410C0003D9D2A /* Sources */,
				884E2CFB1EC410C0003D9D2A /* Frameworks */,
				884E2CFC1EC410C0003D9D2A /* Resources */,
				E2796EAF645E6FAA42E3DB3E /* [CP] Embed Pods Frameworks */,
				283978DBF341501AA9CC3438 /* [CP] Copy Pods Resources */,
			);
			buildRules = (
			);
			dependencies = (
			);
			name = MemoryGame;
			productName = MemoryGame;
			productReference = 884E2CFE1EC410C0003D9D2A /* MemoryGame.app */;
			productType = "com.apple.product-type.application";
		};
		884E2D111EC410C0003D9D2A /* MemoryGameTests */ = {
			isa = PBXNativeTarget;
			buildConfigurationList = 884E2D291EC410C1003D9D2A /* Build configuration list for PBXNativeTarget "MemoryGameTests" */;
			buildPhases = (
				781080A300C4B36EAE49CF40 /* [CP] Check Pods Manifest.lock */,
				884E2D0E1EC410C0003D9D2A /* Sources */,
				884E2D0F1EC410C0003D9D2A /* Frameworks */,
				884E2D101EC410C0003D9D2A /* Resources */,
				AB808D2C8F6D3A5F514AE884 /* [CP] Embed Pods Frameworks */,
				6DACFDB296351C53A3FAEC7D /* [CP] Copy Pods Resources */,
			);
			buildRules = (
			);
			dependencies = (
				884E2D141EC410C0003D9D2A /* PBXTargetDependency */,
			);
			name = MemoryGameTests;
			productName = MemoryGameTests;
			productReference = 884E2D121EC410C0003D9D2A /* MemoryGameTests.xctest */;
			productType = "com.apple.product-type.bundle.unit-test";
		};
		884E2D1C1EC410C1003D9D2A /* MemoryGameUITests */ = {
			isa = PBXNativeTarget;
			buildConfigurationList = 884E2D2C1EC410C1003D9D2A /* Build configuration list for PBXNativeTarget "MemoryGameUITests" */;
			buildPhases = (
				C9041281234FA9795A61975E /* [CP] Check Pods Manifest.lock */,
				884E2D191EC410C1003D9D2A /* Sources */,
				884E2D1A1EC410C1003D9D2A /* Frameworks */,
				884E2D1B1EC410C1003D9D2A /* Resources */,
				4FD3F68289168B1EFB887E07 /* [CP] Embed Pods Frameworks */,
				D32BDA8B868CAA3D615F7872 /* [CP] Copy Pods Resources */,
			);
			buildRules = (
			);
			dependencies = (
				884E2D1F1EC410C1003D9D2A /* PBXTargetDependency */,
			);
			name = MemoryGameUITests;
			productName = MemoryGameUITests;
			productReference = 884E2D1D1EC410C1003D9D2A /* MemoryGameUITests.xctest */;
			productType = "com.apple.product-type.bundle.ui-testing";
		};
/* End PBXNativeTarget section */

/* Begin PBXProject section */
		884E2CF61EC410C0003D9D2A /* Project object */ = {
			isa = PBXProject;
			attributes = {
				LastSwiftUpdateCheck = 0730;
				LastUpgradeCheck = 0730;
				ORGANIZATIONNAME = "Kuliza-282";
				TargetAttributes = {
					884E2CFD1EC410C0003D9D2A = {
						CreatedOnToolsVersion = 7.3.1;
						LastSwiftMigration = 0820;
					};
					884E2D111EC410C0003D9D2A = {
						CreatedOnToolsVersion = 7.3.1;
						LastSwiftMigration = 0820;
						TestTargetID = 884E2CFD1EC410C0003D9D2A;
					};
					884E2D1C1EC410C1003D9D2A = {
						CreatedOnToolsVersion = 7.3.1;
						LastSwiftMigration = 0820;
						TestTargetID = 884E2CFD1EC410C0003D9D2A;
					};
				};
			};
			buildConfigurationList = 884E2CF91EC410C0003D9D2A /* Build configuration list for PBXProject "MemoryGame" */;
			compatibilityVersion = "Xcode 3.2";
			developmentRegion = English;
			hasScannedForEncodings = 0;
			knownRegions = (
				en,
				Base,
			);
			mainGroup = 884E2CF51EC410C0003D9D2A;
			productRefGroup = 884E2CFF1EC410C0003D9D2A /* Products */;
			projectDirPath = "";
			projectRoot = "";
			targets = (
				884E2CFD1EC410C0003D9D2A /* MemoryGame */,
				884E2D111EC410C0003D9D2A /* MemoryGameTests */,
				884E2D1C1EC410C1003D9D2A /* MemoryGameUITests */,
			);
		};
/* End PBXProject section */

/* Begin PBXResourcesBuildPhase section */
		884E2CFC1EC410C0003D9D2A /* Resources */ = {
			isa = PBXResourcesBuildPhase;
			buildActionMask = 2147483647;
			files = (
				884E2D0C1EC410C0003D9D2A /* LaunchScreen.storyboard in Resources */,
				881527471EC5B6A300E52B3B /* Localizable.strings in Resources */,
				884E2D091EC410C0003D9D2A /* Assets.xcassets in Resources */,
				884E2D071EC410C0003D9D2A /* Main.storyboard in Resources */,
			);
			runOnlyForDeploymentPostprocessing = 0;
		};
		884E2D101EC410C0003D9D2A /* Resources */ = {
			isa = PBXResourcesBuildPhase;
			buildActionMask = 2147483647;
			files = (
			);
			runOnlyForDeploymentPostprocessing = 0;
		};
		884E2D1B1EC410C1003D9D2A /* Resources */ = {
			isa = PBXResourcesBuildPhase;
			buildActionMask = 2147483647;
			files = (
			);
			runOnlyForDeploymentPostprocessing = 0;
		};
/* End PBXResourcesBuildPhase section */

/* Begin PBXShellScriptBuildPhase section */
		283978DBF341501AA9CC3438 /* [CP] Copy Pods Resources */ = {
			isa = PBXShellScriptBuildPhase;
			buildActionMask = 2147483647;
			files = (
			);
			inputPaths = (
			);
			name = "[CP] Copy Pods Resources";
			outputPaths = (
			);
			runOnlyForDeploymentPostprocessing = 0;
			shellPath = /bin/sh;
			shellScript = "\"${SRCROOT}/Pods/Target Support Files/Pods-MemoryGame/Pods-MemoryGame-resources.sh\"\n";
			showEnvVarsInLog = 0;
		};
		4FD3F68289168B1EFB887E07 /* [CP] Embed Pods Frameworks */ = {
			isa = PBXShellScriptBuildPhase;
			buildActionMask = 2147483647;
			files = (
			);
			inputPaths = (
			);
			name = "[CP] Embed Pods Frameworks";
			outputPaths = (
			);
			runOnlyForDeploymentPostprocessing = 0;
			shellPath = /bin/sh;
			shellScript = "\"${SRCROOT}/Pods/Target Support Files/Pods-MemoryGameUITests/Pods-MemoryGameUITests-frameworks.sh\"\n";
			showEnvVarsInLog = 0;
		};
		6DACFDB296351C53A3FAEC7D /* [CP] Copy Pods Resources */ = {
			isa = PBXShellScriptBuildPhase;
			buildActionMask = 2147483647;
			files = (
			);
			inputPaths = (
			);
			name = "[CP] Copy Pods Resources";
			outputPaths = (
			);
			runOnlyForDeploymentPostprocessing = 0;
			shellPath = /bin/sh;
			shellScript = "\"${SRCROOT}/Pods/Target Support Files/Pods-MemoryGameTests/Pods-MemoryGameTests-resources.sh\"\n";
			showEnvVarsInLog = 0;
		};
		781080A300C4B36EAE49CF40 /* [CP] Check Pods Manifest.lock */ = {
			isa = PBXShellScriptBuildPhase;
			buildActionMask = 2147483647;
			files = (
			);
			inputPaths = (
			);
			name = "[CP] Check Pods Manifest.lock";
			outputPaths = (
			);
			runOnlyForDeploymentPostprocessing = 0;
			shellPath = /bin/sh;
			shellScript = "diff \"${PODS_ROOT}/../Podfile.lock\" \"${PODS_ROOT}/Manifest.lock\" > /dev/null\nif [ $? != 0 ] ; then\n    # print error to STDERR\n    echo \"error: The sandbox is not in sync with the Podfile.lock. Run 'pod install' or update your CocoaPods installation.\" >&2\n    exit 1\nfi\n";
			showEnvVarsInLog = 0;
		};
		AB808D2C8F6D3A5F514AE884 /* [CP] Embed Pods Frameworks */ = {
			isa = PBXShellScriptBuildPhase;
			buildActionMask = 2147483647;
			files = (
			);
			inputPaths = (
			);
			name = "[CP] Embed Pods Frameworks";
			outputPaths = (
			);
			runOnlyForDeploymentPostprocessing = 0;
			shellPath = /bin/sh;
			shellScript = "\"${SRCROOT}/Pods/Target Support Files/Pods-MemoryGameTests/Pods-MemoryGameTests-frameworks.sh\"\n";
			showEnvVarsInLog = 0;
		};
		B1254718C0B446AC523593B8 /* [CP] Check Pods Manifest.lock */ = {
			isa = PBXShellScriptBuildPhase;
			buildActionMask = 2147483647;
			files = (
			);
			inputPaths = (
			);
			name = "[CP] Check Pods Manifest.lock";
			outputPaths = (
			);
			runOnlyForDeploymentPostprocessing = 0;
			shellPath = /bin/sh;
			shellScript = "diff \"${PODS_ROOT}/../Podfile.lock\" \"${PODS_ROOT}/Manifest.lock\" > /dev/null\nif [ $? != 0 ] ; then\n    # print error to STDERR\n    echo \"error: The sandbox is not in sync with the Podfile.lock. Run 'pod install' or update your CocoaPods installation.\" >&2\n    exit 1\nfi\n";
			showEnvVarsInLog = 0;
		};
		C9041281234FA9795A61975E /* [CP] Check Pods Manifest.lock */ = {
			isa = PBXShellScriptBuildPhase;
			buildActionMask = 2147483647;
			files = (
			);
			inputPaths = (
			);
			name = "[CP] Check Pods Manifest.lock";
			outputPaths = (
			);
			runOnlyForDeploymentPostprocessing = 0;
			shellPath = /bin/sh;
			shellScript = "diff \"${PODS_ROOT}/../Podfile.lock\" \"${PODS_ROOT}/Manifest.lock\" > /dev/null\nif [ $? != 0 ] ; then\n    # print error to STDERR\n    echo \"error: The sandbox is not in sync with the Podfile.lock. Run 'pod install' or update your CocoaPods installation.\" >&2\n    exit 1\nfi\n";
			showEnvVarsInLog = 0;
		};
		D32BDA8B868CAA3D615F7872 /* [CP] Copy Pods Resources */ = {
			isa = PBXShellScriptBuildPhase;
			buildActionMask = 2147483647;
			files = (
			);
			inputPaths = (
			);
			name = "[CP] Copy Pods Resources";
			outputPaths = (
			);
			runOnlyForDeploymentPostprocessing = 0;
			shellPath = /bin/sh;
			shellScript = "\"${SRCROOT}/Pods/Target Support Files/Pods-MemoryGameUITests/Pods-MemoryGameUITests-resources.sh\"\n";
			showEnvVarsInLog = 0;
		};
		E2796EAF645E6FAA42E3DB3E /* [CP] Embed Pods Frameworks */ = {
			isa = PBXShellScriptBuildPhase;
			buildActionMask = 2147483647;
			files = (
			);
			inputPaths = (
			);
			name = "[CP] Embed Pods Frameworks";
			outputPaths = (
			);
			runOnlyForDeploymentPostprocessing = 0;
			shellPath = /bin/sh;
			shellScript = "\"${SRCROOT}/Pods/Target Support Files/Pods-MemoryGame/Pods-MemoryGame-frameworks.sh\"\n";
			showEnvVarsInLog = 0;
		};
/* End PBXShellScriptBuildPhase section */

/* Begin PBXSourcesBuildPhase section */
		884E2CFA1EC410C0003D9D2A /* Sources */ = {
			isa = PBXSourcesBuildPhase;
			buildActionMask = 2147483647;
			files = (
				884E2D491EC54766003D9D2A /* ErrorType+Extensions.swift in Sources */,
				884E2D331EC41176003D9D2A /* GameViewModel.swift in Sources */,
				884E2D361EC411B4003D9D2A /* Array+Shuffle.swift in Sources */,
				881527441EC5B45500E52B3B /* DisplayStrings.swift in Sources */,
				88AAE4341EC5EFBC0019ABC6 /* Application.swift in Sources */,
				884E2D021EC410C0003D9D2A /* AppDelegate.swift in Sources */,
				884E2D3D1EC4123A003D9D2A /* GameVC.swift in Sources */,
				8815273F1EC5B27E00E52B3B /* APIUrls.swift in Sources */,
				88522AD51EC6BE7000111713 /* UIStoryboard+Extension.swift in Sources */,
				884E2D3B1EC41216003D9D2A /* CardCVC.swift in Sources */,
				8815274B1EC5C1BD00E52B3B /* BaseVC.swift in Sources */,
				88AAE4401EC5FB700019ABC6 /* API.swift in Sources */,
				884E2D471EC53DC4003D9D2A /* Dynamic.swift in Sources */,
				884E2D311EC4115E003D9D2A /* Card.swift in Sources */,
				88AAE42E1EC5DAB40019ABC6 /* AppConstants.swift in Sources */,
				88AAE4391EC5F7370019ABC6 /* Network.swift in Sources */,
				88AAE4311EC5EEC20019ABC6 /* Navigation.swift in Sources */,
				884E2D411EC43E09003D9D2A /* NetworkProvider.swift in Sources */,
			);
			runOnlyForDeploymentPostprocessing = 0;
		};
		884E2D0E1EC410C0003D9D2A /* Sources */ = {
			isa = PBXSourcesBuildPhase;
			buildActionMask = 2147483647;
			files = (
				884E2D171EC410C0003D9D2A /* MemoryGameTests.swift in Sources */,
			);
			runOnlyForDeploymentPostprocessing = 0;
		};
		884E2D191EC410C1003D9D2A /* Sources */ = {
			isa = PBXSourcesBuildPhase;
			buildActionMask = 2147483647;
			files = (
				884E2D221EC410C1003D9D2A /* MemoryGameUITests.swift in Sources */,
			);
			runOnlyForDeploymentPostprocessing = 0;
		};
/* End PBXSourcesBuildPhase section */

/* Begin PBXTargetDependency section */
		884E2D141EC410C0003D9D2A /* PBXTargetDependency */ = {
			isa = PBXTargetDependency;
			target = 884E2CFD1EC410C0003D9D2A /* MemoryGame */;
			targetProxy = 884E2D131EC410C0003D9D2A /* PBXContainerItemProxy */;
		};
		884E2D1F1EC410C1003D9D2A /* PBXTargetDependency */ = {
			isa = PBXTargetDependency;
			target = 884E2CFD1EC410C0003D9D2A /* MemoryGame */;
			targetProxy = 884E2D1E1EC410C1003D9D2A /* PBXContainerItemProxy */;
		};
/* End PBXTargetDependency section */

/* Begin PBXVariantGroup section */
		881527491EC5B6A300E52B3B /* Localizable.strings */ = {
			isa = PBXVariantGroup;
			children = (
				881527481EC5B6A300E52B3B /* Base */,
			);
			name = Localizable.strings;
			path = ..;
			sourceTree = "<group>";
		};
		884E2D051EC410C0003D9D2A /* Main.storyboard */ = {
			isa = PBXVariantGroup;
			children = (
				884E2D061EC410C0003D9D2A /* Base */,
			);
			name = Main.storyboard;
			sourceTree = "<group>";
		};
		884E2D0A1EC410C0003D9D2A /* LaunchScreen.storyboard */ = {
			isa = PBXVariantGroup;
			children = (
				884E2D0B1EC410C0003D9D2A /* Base */,
			);
			name = LaunchScreen.storyboard;
			sourceTree = "<group>";
		};
/* End PBXVariantGroup section */

/* Begin XCBuildConfiguration section */
		884E2D241EC410C1003D9D2A /* Debug */ = {
			isa = XCBuildConfiguration;
			buildSettings = {
				ALWAYS_SEARCH_USER_PATHS = NO;
				CLANG_ANALYZER_NONNULL = YES;
				CLANG_CXX_LANGUAGE_STANDARD = "gnu++0x";
				CLANG_CXX_LIBRARY = "libc++";
				CLANG_ENABLE_MODULES = YES;
				CLANG_ENABLE_OBJC_ARC = YES;
				CLANG_WARN_BOOL_CONVERSION = YES;
				CLANG_WARN_CONSTANT_CONVERSION = YES;
				CLANG_WARN_DIRECT_OBJC_ISA_USAGE = YES_ERROR;
				CLANG_WARN_EMPTY_BODY = YES;
				CLANG_WARN_ENUM_CONVERSION = YES;
				CLANG_WARN_INT_CONVERSION = YES;
				CLANG_WARN_OBJC_ROOT_CLASS = YES_ERROR;
				CLANG_WARN_UNREACHABLE_CODE = YES;
				CLANG_WARN__DUPLICATE_METHOD_MATCH = YES;
				"CODE_SIGN_IDENTITY[sdk=iphoneos*]" = "iPhone Developer";
				COPY_PHASE_STRIP = NO;
				DEBUG_INFORMATION_FORMAT = dwarf;
				ENABLE_STRICT_OBJC_MSGSEND = YES;
				ENABLE_TESTABILITY = YES;
				GCC_C_LANGUAGE_STANDARD = gnu99;
				GCC_DYNAMIC_NO_PIC = NO;
				GCC_NO_COMMON_BLOCKS = YES;
				GCC_OPTIMIZATION_LEVEL = 0;
				GCC_PREPROCESSOR_DEFINITIONS = (
					"DEBUG=1",
					"$(inherited)",
				);
				GCC_WARN_64_TO_32_BIT_CONVERSION = YES;
				GCC_WARN_ABOUT_RETURN_TYPE = YES_ERROR;
				GCC_WARN_UNDECLARED_SELECTOR = YES;
				GCC_WARN_UNINITIALIZED_AUTOS = YES_AGGRESSIVE;
				GCC_WARN_UNUSED_FUNCTION = YES;
				GCC_WARN_UNUSED_VARIABLE = YES;
				IPHONEOS_DEPLOYMENT_TARGET = 9.3;
				MTL_ENABLE_DEBUG_INFO = YES;
				ONLY_ACTIVE_ARCH = YES;
				SDKROOT = iphoneos;
				SWIFT_OPTIMIZATION_LEVEL = "-Onone";
				TARGETED_DEVICE_FAMILY = "1,2";
			};
			name = Debug;
		};
		884E2D251EC410C1003D9D2A /* Release */ = {
			isa = XCBuildConfiguration;
			buildSettings = {
				ALWAYS_SEARCH_USER_PATHS = NO;
				CLANG_ANALYZER_NONNULL = YES;
				CLANG_CXX_LANGUAGE_STANDARD = "gnu++0x";
				CLANG_CXX_LIBRARY = "libc++";
				CLANG_ENABLE_MODULES = YES;
				CLANG_ENABLE_OBJC_ARC = YES;
				CLANG_WARN_BOOL_CONVERSION = YES;
				CLANG_WARN_CONSTANT_CONVERSION = YES;
				CLANG_WARN_DIRECT_OBJC_ISA_USAGE = YES_ERROR;
				CLANG_WARN_EMPTY_BODY = YES;
				CLANG_WARN_ENUM_CONVERSION = YES;
				CLANG_WARN_INT_CONVERSION = YES;
				CLANG_WARN_OBJC_ROOT_CLASS = YES_ERROR;
				CLANG_WARN_UNREACHABLE_CODE = YES;
				CLANG_WARN__DUPLICATE_METHOD_MATCH = YES;
				"CODE_SIGN_IDENTITY[sdk=iphoneos*]" = "iPhone Developer";
				COPY_PHASE_STRIP = NO;
				DEBUG_INFORMATION_FORMAT = "dwarf-with-dsym";
				ENABLE_NS_ASSERTIONS = NO;
				ENABLE_STRICT_OBJC_MSGSEND = YES;
				GCC_C_LANGUAGE_STANDARD = gnu99;
				GCC_NO_COMMON_BLOCKS = YES;
				GCC_WARN_64_TO_32_BIT_CONVERSION = YES;
				GCC_WARN_ABOUT_RETURN_TYPE = YES_ERROR;
				GCC_WARN_UNDECLARED_SELECTOR = YES;
				GCC_WARN_UNINITIALIZED_AUTOS = YES_AGGRESSIVE;
				GCC_WARN_UNUSED_FUNCTION = YES;
				GCC_WARN_UNUSED_VARIABLE = YES;
				IPHONEOS_DEPLOYMENT_TARGET = 9.3;
				MTL_ENABLE_DEBUG_INFO = NO;
				SDKROOT = iphoneos;
				TARGETED_DEVICE_FAMILY = "1,2";
				VALIDATE_PRODUCT = YES;
			};
			name = Release;
		};
		884E2D271EC410C1003D9D2A /* Debug */ = {
			isa = XCBuildConfiguration;
			baseConfigurationReference = 609D58C846DB037E6B9BAB73 /* Pods-MemoryGame.debug.xcconfig */;
			buildSettings = {
				ASSETCATALOG_COMPILER_APPICON_NAME = AppIcon;
				INFOPLIST_FILE = MemoryGame/Info.plist;
				IPHONEOS_DEPLOYMENT_TARGET = 10.0;
				LD_RUNPATH_SEARCH_PATHS = "$(inherited) @executable_path/Frameworks";
				PRODUCT_BUNDLE_IDENTIFIER = com.ansu.MemoryGame;
				PRODUCT_NAME = "$(TARGET_NAME)";
				SWIFT_VERSION = 3.0;
			};
			name = Debug;
		};
		884E2D281EC410C1003D9D2A /* Release */ = {
			isa = XCBuildConfiguration;
			baseConfigurationReference = 5F86D5AF98E67B515004BEAC /* Pods-MemoryGame.release.xcconfig */;
			buildSettings = {
				ASSETCATALOG_COMPILER_APPICON_NAME = AppIcon;
				INFOPLIST_FILE = MemoryGame/Info.plist;
				IPHONEOS_DEPLOYMENT_TARGET = 10.0;
				LD_RUNPATH_SEARCH_PATHS = "$(inherited) @executable_path/Frameworks";
				PRODUCT_BUNDLE_IDENTIFIER = com.ansu.MemoryGame;
				PRODUCT_NAME = "$(TARGET_NAME)";
				SWIFT_VERSION = 3.0;
			};
			name = Release;
		};
		884E2D2A1EC410C1003D9D2A /* Debug */ = {
			isa = XCBuildConfiguration;
			baseConfigurationReference = 2946F37C90B221AFB2620BF2 /* Pods-MemoryGameTests.debug.xcconfig */;
			buildSettings = {
				BUNDLE_LOADER = "$(TEST_HOST)";
				INFOPLIST_FILE = MemoryGameTests/Info.plist;
				LD_RUNPATH_SEARCH_PATHS = "$(inherited) @executable_path/Frameworks @loader_path/Frameworks";
				PRODUCT_BUNDLE_IDENTIFIER = com.ansu.MemoryGameTests;
				PRODUCT_NAME = "$(TARGET_NAME)";
				SWIFT_VERSION = 3.0;
				TEST_HOST = "$(BUILT_PRODUCTS_DIR)/MemoryGame.app/MemoryGame";
			};
			name = Debug;
		};
		884E2D2B1EC410C1003D9D2A /* Release */ = {
			isa = XCBuildConfiguration;
			baseConfigurationReference = FB19F93511E4FCE0E48D936C /* Pods-MemoryGameTests.release.xcconfig */;
			buildSettings = {
				BUNDLE_LOADER = "$(TEST_HOST)";
				INFOPLIST_FILE = MemoryGameTests/Info.plist;
				LD_RUNPATH_SEARCH_PATHS = "$(inherited) @executable_path/Frameworks @loader_path/Frameworks";
				PRODUCT_BUNDLE_IDENTIFIER = com.ansu.MemoryGameTests;
				PRODUCT_NAME = "$(TARGET_NAME)";
				SWIFT_VERSION = 3.0;
				TEST_HOST = "$(BUILT_PRODUCTS_DIR)/MemoryGame.app/MemoryGame";
			};
			name = Release;
		};
		884E2D2D1EC410C1003D9D2A /* Debug */ = {
			isa = XCBuildConfiguration;
			baseConfigurationReference = C2AF8CF1C963CFDFC1E4438A /* Pods-MemoryGameUITests.debug.xcconfig */;
			buildSettings = {
				INFOPLIST_FILE = MemoryGameUITests/Info.plist;
				LD_RUNPATH_SEARCH_PATHS = "$(inherited) @executable_path/Frameworks @loader_path/Frameworks";
				PRODUCT_BUNDLE_IDENTIFIER = com.ansu.MemoryGameUITests;
				PRODUCT_NAME = "$(TARGET_NAME)";
				SWIFT_VERSION = 3.0;
				TEST_TARGET_NAME = MemoryGame;
			};
			name = Debug;
		};
		884E2D2E1EC410C1003D9D2A /* Release */ = {
			isa = XCBuildConfiguration;
			baseConfigurationReference = 3F21122CFC331418F5A81D74 /* Pods-MemoryGameUITests.release.xcconfig */;
			buildSettings = {
				INFOPLIST_FILE = MemoryGameUITests/Info.plist;
				LD_RUNPATH_SEARCH_PATHS = "$(inherited) @executable_path/Frameworks @loader_path/Frameworks";
				PRODUCT_BUNDLE_IDENTIFIER = com.ansu.MemoryGameUITests;
				PRODUCT_NAME = "$(TARGET_NAME)";
				SWIFT_VERSION = 3.0;
				TEST_TARGET_NAME = MemoryGame;
			};
			name = Release;
		};
/* End XCBuildConfiguration section */

/* Begin XCConfigurationList section */
		884E2CF91EC410C0003D9D2A /* Build configuration list for PBXProject "MemoryGame" */ = {
			isa = XCConfigurationList;
			buildConfigurations = (
				884E2D241EC410C1003D9D2A /* Debug */,
				884E2D251EC410C1003D9D2A /* Release */,
			);
			defaultConfigurationIsVisible = 0;
			defaultConfigurationName = Release;
		};
		884E2D261EC410C1003D9D2A /* Build configuration list for PBXNativeTarget "MemoryGame" */ = {
			isa = XCConfigurationList;
			buildConfigurations = (
				884E2D271EC410C1003D9D2A /* Debug */,
				884E2D281EC410C1003D9D2A /* Release */,
			);
			defaultConfigurationIsVisible = 0;
			defaultConfigurationName = Release;
		};
		884E2D291EC410C1003D9D2A /* Build configuration list for PBXNativeTarget "MemoryGameTests" */ = {
			isa = XCConfigurationList;
			buildConfigurations = (
				884E2D2A1EC410C1003D9D2A /* Debug */,
				884E2D2B1EC410C1003D9D2A /* Release */,
			);
			defaultConfigurationIsVisible = 0;
			defaultConfigurationName = Release;
		};
		884E2D2C1EC410C1003D9D2A /* Build configuration list for PBXNativeTarget "MemoryGameUITests" */ = {
			isa = XCConfigurationList;
			buildConfigurations = (
				884E2D2D1EC410C1003D9D2A /* Debug */,
				884E2D2E1EC410C1003D9D2A /* Release */,
			);
			defaultConfigurationIsVisible = 0;
			defaultConfigurationName = Release;
		};
/* End XCConfigurationList section */
	};
	rootObject = 884E2CF61EC410C0003D9D2A /* Project object */;
}
